<?xml version="1.0" encoding="utf-8"?>
<Project ToolsVersion="4.0" xmlns="http://schemas.microsoft.com/developer/msbuild/2003">
  <ItemGroup>
    <Filter Include="Resources">
      <UniqueIdentifier>{67DA6AB6-F800-4c08-8B7A-83BB121AAD01}</UniqueIdentifier>
      <Extensions>rc;ico;cur;bmp;dlg;rc2;rct;bin;rgs;gif;jpg;jpeg;jpe;resx;tiff;tif;png;wav;mfcribbon-ms</Extensions>
    </Filter>
    <Filter Include="Sources">
      <UniqueIdentifier>{4FC737F1-C7A5-4376-A066-2A32D752A2FF}</UniqueIdentifier>
      <Extensions>cpp;c;cc;cxx;c++;cppm;ixx;def;odl;idl;hpj;bat;asm;asmx</Extensions>
    </Filter>
    <Filter Include="MinHook">
      <UniqueIdentifier>{ecfeca8c-442e-4e62-930a-2f9c781142d6}</UniqueIdentifier>
    </Filter>
    <Filter Include="SPTLib">
      <UniqueIdentifier>{9c04f316-a40c-40b5-875b-1561d34ef8ee}</UniqueIdentifier>
    </Filter>
    <Filter Include="Headers">
      <UniqueIdentifier>{aca49dda-024e-4778-b15f-35c5b5b5c24d}</UniqueIdentifier>
    </Filter>
    <Filter Include="ImGUI">
      <UniqueIdentifier>{bcaed1b8-2f5f-4c87-b8c0-772b72d0616f}</UniqueIdentifier>
    </Filter>
  </ItemGroup>
  <ItemGroup>
    <ClCompile Include="launcher.cpp">
      <Filter>Sources</Filter>
    </ClCompile>
    <ClCompile Include="..\public\interface.cpp">
      <Filter>Sources</Filter>
    </ClCompile>
    <ClCompile Include="..\public\registry.cpp">
      <Filter>Sources</Filter>
    </ClCompile>
    <ClCompile Include="..\common\CCommandLine.cpp">
      <Filter>Sources</Filter>
    </ClCompile>
    <ClCompile Include="..\external\MinHook\buffer.c">
      <Filter>MinHook</Filter>
    </ClCompile>
    <ClCompile Include="..\external\MinHook\hook.c">
      <Filter>MinHook</Filter>
    </ClCompile>
    <ClCompile Include="..\external\MinHook\trampoline.c">
      <Filter>MinHook</Filter>
    </ClCompile>
    <ClCompile Include="..\external\MinHook\hde\hde32.c">
      <Filter>MinHook</Filter>
    </ClCompile>
    <ClCompile Include="..\external\MinHook\hde\hde64.c">
      <Filter>MinHook</Filter>
    </ClCompile>
    <ClCompile Include="..\external\SPTLib\DetoursUtils.cpp">
      <Filter>SPTLib</Filter>
    </ClCompile>
    <ClCompile Include="goldsrc_hook.cpp">
      <Filter>Sources</Filter>
    </ClCompile>
    <ClCompile Include="..\external\ImGUI\imgui.cpp">
      <Filter>ImGUI</Filter>
    </ClCompile>
    <ClCompile Include="..\external\ImGUI\imgui_demo.cpp">
      <Filter>ImGUI</Filter>
    </ClCompile>
    <ClCompile Include="..\external\ImGUI\imgui_draw.cpp">
      <Filter>ImGUI</Filter>
    </ClCompile>
    <ClCompile Include="..\external\ImGUI\imgui_impl_sdl.cpp">
      <Filter>ImGUI</Filter>
    </ClCompile>
    <ClCompile Include="..\external\ImGUI\imgui_impl_opengl2.cpp">
      <Filter>ImGUI</Filter>
    </ClCompile>
    <ClCompile Include="..\external\ImGUI\imgui_tables.cpp">
      <Filter>ImGUI</Filter>
    </ClCompile>
    <ClCompile Include="..\external\ImGUI\imgui_widgets.cpp">
      <Filter>ImGUI</Filter>
    </ClCompile>
    <ClCompile Include="imgui_manager.cpp">
      <Filter>Sources</Filter>
    </ClCompile>
  </ItemGroup>
  <ItemGroup>
    <ResourceCompile Include="hl.rc">
      <Filter>Resources</Filter>
    </ResourceCompile>
  </ItemGroup>
  <ItemGroup>
    <Image Include="..\hl.ico">
      <Filter>Resources</Filter>
    </Image>
  </ItemGroup>
  <ItemGroup>
    <ClInclude Include="resource.h">
      <Filter>Resources</Filter>
    </ClInclude>
    <ClInclude Include="..\external\MinHook\buffer.h">
      <Filter>MinHook</Filter>
    </ClInclude>
    <ClInclude Include="..\external\MinHook\MinHook.h">
      <Filter>MinHook</Filter>
    </ClInclude>
    <ClInclude Include="..\external\MinHook\trampoline.h">
      <Filter>MinHook</Filter>
    </ClInclude>
    <ClInclude Include="..\external\MinHook\hde\hde32.h">
      <Filter>MinHook</Filter>
    </ClInclude>
    <ClInclude Include="..\external\MinHook\hde\hde64.h">
      <Filter>MinHook</Filter>
    </ClInclude>
    <ClInclude Include="..\external\MinHook\hde\pstdint.h">
      <Filter>MinHook</Filter>
    </ClInclude>
    <ClInclude Include="..\external\MinHook\hde\table32.h">
      <Filter>MinHook</Filter>
    </ClInclude>
    <ClInclude Include="..\external\MinHook\hde\table64.h">
      <Filter>MinHook</Filter>
    </ClInclude>
    <ClInclude Include="..\external\SPTLib\DetoursUtils.hpp">
      <Filter>SPTLib</Filter>
    </ClInclude>
    <ClInclude Include="..\external\SPTLib\patterns.hpp">
      <Filter>SPTLib</Filter>
    </ClInclude>
    <ClInclude Include="..\external\SPTLib\patterns_macros.hpp">
      <Filter>SPTLib</Filter>
    </ClInclude>
    <ClInclude Include="..\external\SPTLib\sptlib-stdafx.hpp">
      <Filter>SPTLib</Filter>
    </ClInclude>
    <ClInclude Include="..\external\SPTLib\Utils.hpp">
      <Filter>SPTLib</Filter>
    </ClInclude>
    <ClInclude Include="goldsrc_hook.h">
      <Filter>Headers</Filter>
    </ClInclude>
    <ClInclude Include="goldsrc_patterns.hpp">
      <Filter>Headers</Filter>
    </ClInclude>
    <ClInclude Include="..\external\ImGUI\imconfig.h">
      <Filter>ImGUI</Filter>
    </ClInclude>
    <ClInclude Include="..\external\ImGUI\imgui.h">
      <Filter>ImGUI</Filter>
    </ClInclude>
    <ClInclude Include="..\external\ImGUI\imgui_impl_sdl.h">
      <Filter>ImGUI</Filter>
    </ClInclude>
    <ClInclude Include="..\external\ImGUI\imgui_internal.h">
      <Filter>ImGUI</Filter>
    </ClInclude>
    <ClInclude Include="..\external\ImGUI\imgui_impl_opengl2.h">
      <Filter>ImGUI</Filter>
    </ClInclude>
    <ClInclude Include="..\external\ImGUI\imstb_rectpack.h">
      <Filter>ImGUI</Filter>
    </ClInclude>
    <ClInclude Include="..\external\ImGUI\imstb_textedit.h">
      <Filter>ImGUI</Filter>
    </ClInclude>
    <ClInclude Include="..\external\ImGUI\imstb_truetype.h">
      <Filter>ImGUI</Filter>
    </ClInclude>
    <ClInclude Include="imgui_manager.hpp">
      <Filter>Headers</Filter>
    </ClInclude>
  </ItemGroup>
</Project>